// !$*UTF8*$!
{
	archiveVersion = 1;
	classes = {
	};
	objectVersion = 48;
	objects = {

/* Begin PBXBuildFile section */
		2DE8DFCBB84B05BC055D2D77 /* Pods_SnowRide.framework in Frameworks */ = {isa = PBXBuildFile; fileRef = 63270DA31942842AA1A24261 /* Pods_SnowRide.framework */; };
		B83784751FA13A9500E82E80 /* ProfileTableViewController.swift in Sources */ = {isa = PBXBuildFile; fileRef = B83784741FA13A9500E82E80 /* ProfileTableViewController.swift */; };
		B83784771FA13B6900E82E80 /* PickScheduleViewController.swift in Sources */ = {isa = PBXBuildFile; fileRef = B83784761FA13B6900E82E80 /* PickScheduleViewController.swift */; };
		B83784791FA13C2400E82E80 /* PotentialMatchesTableViewController.swift in Sources */ = {isa = PBXBuildFile; fileRef = B83784781FA13C2400E82E80 /* PotentialMatchesTableViewController.swift */; };
		B837847B1FA13C7100E82E80 /* NoMatchViewController.swift in Sources */ = {isa = PBXBuildFile; fileRef = B837847A1FA13C7100E82E80 /* NoMatchViewController.swift */; };
		B837847D1FA141F700E82E80 /* Model.swift in Sources */ = {isa = PBXBuildFile; fileRef = B837847C1FA141F700E82E80 /* Model.swift */; };
		B83B30781FA00AB600903B24 /* AppDelegate.swift in Sources */ = {isa = PBXBuildFile; fileRef = B83B30771FA00AB600903B24 /* AppDelegate.swift */; };
		B83B307A1FA00AB600903B24 /* LoginController.swift in Sources */ = {isa = PBXBuildFile; fileRef = B83B30791FA00AB600903B24 /* LoginController.swift */; };
		B83B307D1FA00AB600903B24 /* Main.storyboard in Resources */ = {isa = PBXBuildFile; fileRef = B83B307B1FA00AB600903B24 /* Main.storyboard */; };
		B83B307F1FA00AB700903B24 /* Assets.xcassets in Resources */ = {isa = PBXBuildFile; fileRef = B83B307E1FA00AB700903B24 /* Assets.xcassets */; };
		B83B30821FA00AB700903B24 /* LaunchScreen.storyboard in Resources */ = {isa = PBXBuildFile; fileRef = B83B30801FA00AB700903B24 /* LaunchScreen.storyboard */; };
		B9F7E5471FA1490A0003F982 /* GoogleService-Info.plist in Resources */ = {isa = PBXBuildFile; fileRef = B9F7E5461FA149090003F982 /* GoogleService-Info.plist */; };
/* End PBXBuildFile section */

/* Begin PBXFileReference section */
		63270DA31942842AA1A24261 /* Pods_SnowRide.framework */ = {isa = PBXFileReference; explicitFileType = wrapper.framework; includeInIndex = 0; path = Pods_SnowRide.framework; sourceTree = BUILT_PRODUCTS_DIR; };
		6853AD1BB7E93B08D0126533 /* Pods-SnowRide.release.xcconfig */ = {isa = PBXFileReference; includeInIndex = 1; lastKnownFileType = text.xcconfig; name = "Pods-SnowRide.release.xcconfig"; path = "Pods/Target Support Files/Pods-SnowRide/Pods-SnowRide.release.xcconfig"; sourceTree = "<group>"; };
		ACF034D5DBCE83A79C249BF6 /* Pods-SnowRide.debug.xcconfig */ = {isa = PBXFileReference; includeInIndex = 1; lastKnownFileType = text.xcconfig; name = "Pods-SnowRide.debug.xcconfig"; path = "Pods/Target Support Files/Pods-SnowRide/Pods-SnowRide.debug.xcconfig"; sourceTree = "<group>"; };
		B83784741FA13A9500E82E80 /* ProfileTableViewController.swift */ = {isa = PBXFileReference; lastKnownFileType = sourcecode.swift; path = ProfileTableViewController.swift; sourceTree = "<group>"; };
		B83784761FA13B6900E82E80 /* PickScheduleViewController.swift */ = {isa = PBXFileReference; lastKnownFileType = sourcecode.swift; path = PickScheduleViewController.swift; sourceTree = "<group>"; };
		B83784781FA13C2400E82E80 /* PotentialMatchesTableViewController.swift */ = {isa = PBXFileReference; lastKnownFileType = sourcecode.swift; path = PotentialMatchesTableViewController.swift; sourceTree = "<group>"; };
		B837847A1FA13C7100E82E80 /* NoMatchViewController.swift */ = {isa = PBXFileReference; lastKnownFileType = sourcecode.swift; path = NoMatchViewController.swift; sourceTree = "<group>"; };
		B837847C1FA141F700E82E80 /* Model.swift */ = {isa = PBXFileReference; lastKnownFileType = sourcecode.swift; path = Model.swift; sourceTree = "<group>"; };
		B83B30741FA00AB600903B24 /* SnowRide.app */ = {isa = PBXFileReference; explicitFileType = wrapper.application; includeInIndex = 0; path = SnowRide.app; sourceTree = BUILT_PRODUCTS_DIR; };
		B83B30771FA00AB600903B24 /* AppDelegate.swift */ = {isa = PBXFileReference; lastKnownFileType = sourcecode.swift; path = AppDelegate.swift; sourceTree = "<group>"; };
		B83B30791FA00AB600903B24 /* LoginController.swift */ = {isa = PBXFileReference; lastKnownFileType = sourcecode.swift; path = LoginController.swift; sourceTree = "<group>"; };
		B83B307C1FA00AB600903B24 /* Base */ = {isa = PBXFileReference; lastKnownFileType = file.storyboard; name = Base; path = Base.lproj/Main.storyboard; sourceTree = "<group>"; };
		B83B307E1FA00AB700903B24 /* Assets.xcassets */ = {isa = PBXFileReference; lastKnownFileType = folder.assetcatalog; path = Assets.xcassets; sourceTree = "<group>"; };
		B83B30811FA00AB700903B24 /* Base */ = {isa = PBXFileReference; lastKnownFileType = file.storyboard; name = Base; path = Base.lproj/LaunchScreen.storyboard; sourceTree = "<group>"; };
		B83B30831FA00AB700903B24 /* Info.plist */ = {isa = PBXFileReference; lastKnownFileType = text.plist.xml; path = Info.plist; sourceTree = "<group>"; };
		B9F7E5461FA149090003F982 /* GoogleService-Info.plist */ = {isa = PBXFileReference; fileEncoding = 4; lastKnownFileType = text.plist.xml; name = "GoogleService-Info.plist"; path = "../../GoogleService-Info.plist"; sourceTree = "<group>"; };
/* End PBXFileReference section */

/* Begin PBXFrameworksBuildPhase section */
		B83B30711FA00AB600903B24 /* Frameworks */ = {
			isa = PBXFrameworksBuildPhase;
			buildActionMask = 2147483647;
			files = (
				2DE8DFCBB84B05BC055D2D77 /* Pods_SnowRide.framework in Frameworks */,
			);
			runOnlyForDeploymentPostprocessing = 0;
		};
/* End PBXFrameworksBuildPhase section */

/* Begin PBXGroup section */
		8CA1382FFFD2E418898B261F /* Pods */ = {
			isa = PBXGroup;
			children = (
				ACF034D5DBCE83A79C249BF6 /* Pods-SnowRide.debug.xcconfig */,
				6853AD1BB7E93B08D0126533 /* Pods-SnowRide.release.xcconfig */,
			);
			name = Pods;
			sourceTree = "<group>";
		};
		A2277436F6833B49D0E10FBD /* Frameworks */ = {
			isa = PBXGroup;
			children = (
				63270DA31942842AA1A24261 /* Pods_SnowRide.framework */,
			);
			name = Frameworks;
			sourceTree = "<group>";
		};
		B83B306B1FA00AB600903B24 = {
			isa = PBXGroup;
			children = (
				B83B30761FA00AB600903B24 /* SnowRide */,
				B83B30751FA00AB600903B24 /* Products */,
				8CA1382FFFD2E418898B261F /* Pods */,
				A2277436F6833B49D0E10FBD /* Frameworks */,
			);
			sourceTree = "<group>";
		};
		B83B30751FA00AB600903B24 /* Products */ = {
			isa = PBXGroup;
			children = (
				B83B30741FA00AB600903B24 /* SnowRide.app */,
			);
			name = Products;
			sourceTree = "<group>";
		};
		B83B30761FA00AB600903B24 /* SnowRide */ = {
			isa = PBXGroup;
			children = (
				B83B30771FA00AB600903B24 /* AppDelegate.swift */,
				B83B30791FA00AB600903B24 /* LoginController.swift */,
				B83784741FA13A9500E82E80 /* ProfileTableViewController.swift */,
				B83784761FA13B6900E82E80 /* PickScheduleViewController.swift */,
				B83784781FA13C2400E82E80 /* PotentialMatchesTableViewController.swift */,
				B837847A1FA13C7100E82E80 /* NoMatchViewController.swift */,
				B83B307B1FA00AB600903B24 /* Main.storyboard */,
				B83B307E1FA00AB700903B24 /* Assets.xcassets */,
				B83B30801FA00AB700903B24 /* LaunchScreen.storyboard */,
				B83B30831FA00AB700903B24 /* Info.plist */,
				B9F7E5461FA149090003F982 /* GoogleService-Info.plist */,
				B837847C1FA141F700E82E80 /* Model.swift */,
			);
			path = SnowRide;
			sourceTree = "<group>";
		};
/* End PBXGroup section */

/* Begin PBXNativeTarget section */
		B83B30731FA00AB600903B24 /* SnowRide */ = {
			isa = PBXNativeTarget;
			buildConfigurationList = B83B30861FA00AB700903B24 /* Build configuration list for PBXNativeTarget "SnowRide" */;
			buildPhases = (
				C7D345093A84456AC459DC08 /* [CP] Check Pods Manifest.lock */,
				B83B30701FA00AB600903B24 /* Sources */,
				B83B30711FA00AB600903B24 /* Frameworks */,
				B83B30721FA00AB600903B24 /* Resources */,
				27126639FAC3EB63B6AF11C9 /* [CP] Embed Pods Frameworks */,
				B22C9F191441CFACCFDE2550 /* [CP] Copy Pods Resources */,
			);
			buildRules = (
			);
			dependencies = (
			);
			name = SnowRide;
			productName = SnowRide;
			productReference = B83B30741FA00AB600903B24 /* SnowRide.app */;
			productType = "com.apple.product-type.application";
		};
/* End PBXNativeTarget section */

/* Begin PBXProject section */
		B83B306C1FA00AB600903B24 /* Project object */ = {
			isa = PBXProject;
			attributes = {
				LastSwiftUpdateCheck = 0900;
				LastUpgradeCheck = 0900;
				ORGANIZATIONNAME = JCSwifty;
				TargetAttributes = {
					B83B30731FA00AB600903B24 = {
						CreatedOnToolsVersion = 9.0;
						ProvisioningStyle = Automatic;
					};
				};
			};
			buildConfigurationList = B83B306F1FA00AB600903B24 /* Build configuration list for PBXProject "SnowRide" */;
			compatibilityVersion = "Xcode 8.0";
			developmentRegion = en;
			hasScannedForEncodings = 0;
			knownRegions = (
				en,
				Base,
			);
			mainGroup = B83B306B1FA00AB600903B24;
			productRefGroup = B83B30751FA00AB600903B24 /* Products */;
			projectDirPath = "";
			projectRoot = "";
			targets = (
				B83B30731FA00AB600903B24 /* SnowRide */,
			);
		};
/* End PBXProject section */

/* Begin PBXResourcesBuildPhase section */
		B83B30721FA00AB600903B24 /* Resources */ = {
			isa = PBXResourcesBuildPhase;
			buildActionMask = 2147483647;
			files = (
				B83B30821FA00AB700903B24 /* LaunchScreen.storyboard in Resources */,
				B9F7E5471FA1490A0003F982 /* GoogleService-Info.plist in Resources */,
				B83B307F1FA00AB700903B24 /* Assets.xcassets in Resources */,
				B83B307D1FA00AB600903B24 /* Main.storyboard in Resources */,
			);
			runOnlyForDeploymentPostprocessing = 0;
		};
/* End PBXResourcesBuildPhase section */

/* Begin PBXShellScriptBuildPhase section */
		27126639FAC3EB63B6AF11C9 /* [CP] Embed Pods Frameworks */ = {
			isa = PBXShellScriptBuildPhase;
			buildActionMask = 2147483647;
			files = (
			);
			inputPaths = (
				"${SRCROOT}/Pods/Target Support Files/Pods-SnowRide/Pods-SnowRide-frameworks.sh",
				"${BUILT_PRODUCTS_DIR}/GTMSessionFetcher/GTMSessionFetcher.framework",
				"${BUILT_PRODUCTS_DIR}/GoogleToolboxForMac/GoogleToolboxForMac.framework",
				"${BUILT_PRODUCTS_DIR}/leveldb-library/leveldb.framework",
				"${BUILT_PRODUCTS_DIR}/nanopb/nanopb.framework",
			);
			name = "[CP] Embed Pods Frameworks";
			outputPaths = (
				"${TARGET_BUILD_DIR}/${FRAMEWORKS_FOLDER_PATH}/GTMSessionFetcher.framework",
				"${TARGET_BUILD_DIR}/${FRAMEWORKS_FOLDER_PATH}/GoogleToolboxForMac.framework",
				"${TARGET_BUILD_DIR}/${FRAMEWORKS_FOLDER_PATH}/leveldb.framework",
				"${TARGET_BUILD_DIR}/${FRAMEWORKS_FOLDER_PATH}/nanopb.framework",
			);
			runOnlyForDeploymentPostprocessing = 0;
			shellPath = /bin/sh;
			shellScript = "\"${SRCROOT}/Pods/Target Support Files/Pods-SnowRide/Pods-SnowRide-frameworks.sh\"\n";
			showEnvVarsInLog = 0;
		};
		B22C9F191441CFACCFDE2550 /* [CP] Copy Pods Resources */ = {
			isa = PBXShellScriptBuildPhase;
			buildActionMask = 2147483647;
			files = (
			);
			inputPaths = (
			);
			name = "[CP] Copy Pods Resources";
			outputPaths = (
			);
			runOnlyForDeploymentPostprocessing = 0;
			shellPath = /bin/sh;
			shellScript = "\"${SRCROOT}/Pods/Target Support Files/Pods-SnowRide/Pods-SnowRide-resources.sh\"\n";
			showEnvVarsInLog = 0;
		};
		C7D345093A84456AC459DC08 /* [CP] Check Pods Manifest.lock */ = {
			isa = PBXShellScriptBuildPhase;
			buildActionMask = 2147483647;
			files = (
			);
			inputPaths = (
				"${PODS_PODFILE_DIR_PATH}/Podfile.lock",
				"${PODS_ROOT}/Manifest.lock",
			);
			name = "[CP] Check Pods Manifest.lock";
			outputPaths = (
				"$(DERIVED_FILE_DIR)/Pods-SnowRide-checkManifestLockResult.txt",
			);
			runOnlyForDeploymentPostprocessing = 0;
			shellPath = /bin/sh;
			shellScript = "diff \"${PODS_PODFILE_DIR_PATH}/Podfile.lock\" \"${PODS_ROOT}/Manifest.lock\" > /dev/null\nif [ $? != 0 ] ; then\n    # print error to STDERR\n    echo \"error: The sandbox is not in sync with the Podfile.lock. Run 'pod install' or update your CocoaPods installation.\" >&2\n    exit 1\nfi\n# This output is used by Xcode 'outputs' to avoid re-running this script phase.\necho \"SUCCESS\" > \"${SCRIPT_OUTPUT_FILE_0}\"\n";
			showEnvVarsInLog = 0;
		};
/* End PBXShellScriptBuildPhase section */

/* Begin PBXSourcesBuildPhase section */
		B83B30701FA00AB600903B24 /* Sources */ = {
			isa = PBXSourcesBuildPhase;
			buildActionMask = 2147483647;
			files = (
				B837847D1FA141F700E82E80 /* Model.swift in Sources */,
				B83784771FA13B6900E82E80 /* PickScheduleViewController.swift in Sources */,
				B83784791FA13C2400E82E80 /* PotentialMatchesTableViewController.swift in Sources */,
				B83B307A1FA00AB600903B24 /* LoginController.swift in Sources */,
				B837847B1FA13C7100E82E80 /* NoMatchViewController.swift in Sources */,
				B83784751FA13A9500E82E80 /* ProfileTableViewController.swift in Sources */,
				B83B30781FA00AB600903B24 /* AppDelegate.swift in Sources */,
			);
			runOnlyForDeploymentPostprocessing = 0;
		};
/* End PBXSourcesBuildPhase section */

/* Begin PBXVariantGroup section */
		B83B307B1FA00AB600903B24 /* Main.storyboard */ = {
			isa = PBXVariantGroup;
			children = (
				B83B307C1FA00AB600903B24 /* Base */,
			);
			name = Main.storyboard;
			sourceTree = "<group>";
		};
		B83B30801FA00AB700903B24 /* LaunchScreen.storyboard */ = {
			isa = PBXVariantGroup;
			children = (
				B83B30811FA00AB700903B24 /* Base */,
			);
			name = LaunchScreen.storyboard;
			sourceTree = "<group>";
		};
/* End PBXVariantGroup section */

/* Begin XCBuildConfiguration section */
		B83B30841FA00AB700903B24 /* Debug */ = {
			isa = XCBuildConfiguration;
			buildSettings = {
				ALWAYS_SEARCH_USER_PATHS = NO;
				CLANG_ANALYZER_NONNULL = YES;
				CLANG_ANALYZER_NUMBER_OBJECT_CONVERSION = YES_AGGRESSIVE;
				CLANG_CXX_LANGUAGE_STANDARD = "gnu++14";
				CLANG_CXX_LIBRARY = "libc++";
				CLANG_ENABLE_MODULES = YES;
				CLANG_ENABLE_OBJC_ARC = YES;
				CLANG_WARN_BLOCK_CAPTURE_AUTORELEASING = YES;
				CLANG_WARN_BOOL_CONVERSION = YES;
				CLANG_WARN_COMMA = YES;
				CLANG_WARN_CONSTANT_CONVERSION = YES;
				CLANG_WARN_DIRECT_OBJC_ISA_USAGE = YES_ERROR;
				CLANG_WARN_DOCUMENTATION_COMMENTS = YES;
				CLANG_WARN_EMPTY_BODY = YES;
				CLANG_WARN_ENUM_CONVERSION = YES;
				CLANG_WARN_INFINITE_RECURSION = YES;
				CLANG_WARN_INT_CONVERSION = YES;
				CLANG_WARN_NON_LITERAL_NULL_CONVERSION = YES;
				CLANG_WARN_OBJC_LITERAL_CONVERSION = YES;
				CLANG_WARN_OBJC_ROOT_CLASS = YES_ERROR;
				CLANG_WARN_RANGE_LOOP_ANALYSIS = YES;
				CLANG_WARN_STRICT_PROTOTYPES = YES;
				CLANG_WARN_SUSPICIOUS_MOVE = YES;
				CLANG_WARN_UNGUARDED_AVAILABILITY = YES_AGGRESSIVE;
				CLANG_WARN_UNREACHABLE_CODE = YES;
				CLANG_WARN__DUPLICATE_METHOD_MATCH = YES;
				CODE_SIGN_IDENTITY = "iPhone Developer";
				COPY_PHASE_STRIP = NO;
				DEBUG_INFORMATION_FORMAT = dwarf;
				ENABLE_STRICT_OBJC_MSGSEND = YES;
				ENABLE_TESTABILITY = YES;
				GCC_C_LANGUAGE_STANDARD = gnu11;
				GCC_DYNAMIC_NO_PIC = NO;
				GCC_NO_COMMON_BLOCKS = YES;
				GCC_OPTIMIZATION_LEVEL = 0;
				GCC_PREPROCESSOR_DEFINITIONS = (
					"DEBUG=1",
					"$(inherited)",
				);
				GCC_WARN_64_TO_32_BIT_CONVERSION = YES;
				GCC_WARN_ABOUT_RETURN_TYPE = YES_ERROR;
				GCC_WARN_UNDECLARED_SELECTOR = YES;
				GCC_WARN_UNINITIALIZED_AUTOS = YES_AGGRESSIVE;
				GCC_WARN_UNUSED_FUNCTION = YES;
				GCC_WARN_UNUSED_VARIABLE = YES;
				IPHONEOS_DEPLOYMENT_TARGET = 11.0;
				MTL_ENABLE_DEBUG_INFO = YES;
				ONLY_ACTIVE_ARCH = YES;
				SDKROOT = iphoneos;
				SWIFT_ACTIVE_COMPILATION_CONDITIONS = DEBUG;
				SWIFT_OPTIMIZATION_LEVEL = "-Onone";
			};
			name = Debug;
		};
		B83B30851FA00AB700903B24 /* Release */ = {
			isa = XCBuildConfiguration;
			buildSettings = {
				ALWAYS_SEARCH_USER_PATHS = NO;
				CLANG_ANALYZER_NONNULL = YES;
				CLANG_ANALYZER_NUMBER_OBJECT_CONVERSION = YES_AGGRESSIVE;
				CLANG_CXX_LANGUAGE_STANDARD = "gnu++14";
				CLANG_CXX_LIBRARY = "libc++";
				CLANG_ENABLE_MODULES = YES;
				CLANG_ENABLE_OBJC_ARC = YES;
				CLANG_WARN_BLOCK_CAPTURE_AUTORELEASING = YES;
				CLANG_WARN_BOOL_CONVERSION = YES;
				CLANG_WARN_COMMA = YES;
				CLANG_WARN_CONSTANT_CONVERSION = YES;
				CLANG_WARN_DIRECT_OBJC_ISA_USAGE = YES_ERROR;
				CLANG_WARN_DOCUMENTATION_COMMENTS = YES;
				CLANG_WARN_EMPTY_BODY = YES;
				CLANG_WARN_ENUM_CONVERSION = YES;
				CLANG_WARN_INFINITE_RECURSION = YES;
				CLANG_WARN_INT_CONVERSION = YES;
				CLANG_WARN_NON_LITERAL_NULL_CONVERSION = YES;
				CLANG_WARN_OBJC_LITERAL_CONVERSION = YES;
				CLANG_WARN_OBJC_ROOT_CLASS = YES_ERROR;
				CLANG_WARN_RANGE_LOOP_ANALYSIS = YES;
				CLANG_WARN_STRICT_PROTOTYPES = YES;
				CLANG_WARN_SUSPICIOUS_MOVE = YES;
				CLANG_WARN_UNGUARDED_AVAILABILITY = YES_AGGRESSIVE;
				CLANG_WARN_UNREACHABLE_CODE = YES;
				CLANG_WARN__DUPLICATE_METHOD_MATCH = YES;
				CODE_SIGN_IDENTITY = "iPhone Developer";
				COPY_PHASE_STRIP = NO;
				DEBUG_INFORMATION_FORMAT = "dwarf-with-dsym";
				ENABLE_NS_ASSERTIONS = NO;
				ENABLE_STRICT_OBJC_MSGSEND = YES;
				GCC_C_LANGUAGE_STANDARD = gnu11;
				GCC_NO_COMMON_BLOCKS = YES;
				GCC_WARN_64_TO_32_BIT_CONVERSION = YES;
				GCC_WARN_ABOUT_RETURN_TYPE = YES_ERROR;
				GCC_WARN_UNDECLARED_SELECTOR = YES;
				GCC_WARN_UNINITIALIZED_AUTOS = YES_AGGRESSIVE;
				GCC_WARN_UNUSED_FUNCTION = YES;
				GCC_WARN_UNUSED_VARIABLE = YES;
				IPHONEOS_DEPLOYMENT_TARGET = 11.0;
				MTL_ENABLE_DEBUG_INFO = NO;
				SDKROOT = iphoneos;
				SWIFT_OPTIMIZATION_LEVEL = "-Owholemodule";
				VALIDATE_PRODUCT = YES;
			};
			name = Release;
		};
		B83B30871FA00AB700903B24 /* Debug */ = {
			isa = XCBuildConfiguration;
			baseConfigurationReference = ACF034D5DBCE83A79C249BF6 /* Pods-SnowRide.debug.xcconfig */;
			buildSettings = {
				ASSETCATALOG_COMPILER_APPICON_NAME = AppIcon;
				CODE_SIGN_STYLE = Automatic;
				DEVELOPMENT_TEAM = 3L8W3EB4SJ;
				INFOPLIST_FILE = SnowRide/Info.plist;
				IPHONEOS_DEPLOYMENT_TARGET = 11.0;
				LD_RUNPATH_SEARCH_PATHS = "$(inherited) @executable_path/Frameworks";
				PRODUCT_BUNDLE_IDENTIFIER = com.jcswifty.SnowRide;
				PRODUCT_NAME = "$(TARGET_NAME)";
				SWIFT_VERSION = 4.0;
				TARGETED_DEVICE_FAMILY = "1,2";
			};
			name = Debug;
		};
		B83B30881FA00AB700903B24 /* Release */ = {
			isa = XCBuildConfiguration;
			baseConfigurationReference = 6853AD1BB7E93B08D0126533 /* Pods-SnowRide.release.xcconfig */;
			buildSettings = {
				ASSETCATALOG_COMPILER_APPICON_NAME = AppIcon;
				CODE_SIGN_STYLE = Automatic;
				DEVELOPMENT_TEAM = 3L8W3EB4SJ;
				INFOPLIST_FILE = SnowRide/Info.plist;
				IPHONEOS_DEPLOYMENT_TARGET = 11.0;
				LD_RUNPATH_SEARCH_PATHS = "$(inherited) @executable_path/Frameworks";
				PRODUCT_BUNDLE_IDENTIFIER = com.jcswifty.SnowRide;
				PRODUCT_NAME = "$(TARGET_NAME)";
				SWIFT_VERSION = 4.0;
				TARGETED_DEVICE_FAMILY = "1,2";
			};
			name = Release;
		};
/* End XCBuildConfiguration section */

/* Begin XCConfigurationList section */
		B83B306F1FA00AB600903B24 /* Build configuration list for PBXProject "SnowRide" */ = {
			isa = XCConfigurationList;
			buildConfigurations = (
				B83B30841FA00AB700903B24 /* Debug */,
				B83B30851FA00AB700903B24 /* Release */,
			);
			defaultConfigurationIsVisible = 0;
			defaultConfigurationName = Release;
		};
		B83B30861FA00AB700903B24 /* Build configuration list for PBXNativeTarget "SnowRide" */ = {
			isa = XCConfigurationList;
			buildConfigurations = (
				B83B30871FA00AB700903B24 /* Debug */,
				B83B30881FA00AB700903B24 /* Release */,
			);
			defaultConfigurationIsVisible = 0;
			defaultConfigurationName = Release;
		};
/* End XCConfigurationList section */
	};
	rootObject = B83B306C1FA00AB600903B24 /* Project object */;
}
